
Microsoft Visual Studio Solution File, Format Version 12.00
# Visual Studio Version 17
VisualStudioVersion = 17.6.33712.159
MinimumVisualStudioVersion = 10.0.40219.1
Project("{FAE04EC0-301F-11D3-BF4B-00C04F79EFBC}") = "Programa de prueba", "Programa de prueba\Programa de prueba.csproj", "{A6342A64-1F09-4B2C-B8C6-C62CD1661728}"
EndProject
Global
	GlobalSection(SolutionConfigurationPlatforms) = preSolution
		Debug|Any CPU = Debug|Any CPU
		Release|Any CPU = Release|Any CPU
	EndGlobalSection
	GlobalSection(ProjectConfigurationPlatforms) = postSolution
		{A6342A64-1F09-4B2C-B8C6-C62CD1661728}.Debug|Any CPU.ActiveCfg = Debug|Any CPU
		{A6342A64-1F09-4B2C-B8C6-C62CD1661728}.Debug|Any CPU.Build.0 = Debug|Any CPU
		{A6342A64-1F09-4B2C-B8C6-C62CD1661728}.Release|Any CPU.ActiveCfg = Release|Any CPU
		{A6342A64-1F09-4B2C-B8C6-C62CD1661728}.Release|Any CPU.Build.0 = Release|Any CPU
	EndGlobalSection
	GlobalSection(SolutionProperties) = preSolution
		HideSolutionNode = FALSE
	EndGlobalSection
	GlobalSection(ExtensibilityGlobals) = postSolution
		SolutionGuid = {BC545333-4EC8-491E-B55A-DBCE880F8A14}
	EndGlobalSection
EndGlobal
